
Microsoft Visual Studio Solution File, Format Version 12.00
# Visual Studio Version 17
VisualStudioVersion = 17.9.34407.89
MinimumVisualStudioVersion = 10.0.40219.1
Project("{FAE04EC0-301F-11D3-BF4B-00C04F79EFBC}") = "WebAPI_With_Dapper", "WebAPI_With_Dapper\WebAPI_With_Dapper.csproj", "{304DF3D8-2612-4941-A446-30A37A66756C}"
EndProject
Global
	GlobalSection(SolutionConfigurationPlatforms) = preSolution
		Debug|Any CPU = Debug|Any CPU
		Release|Any CPU = Release|Any CPU
	EndGlobalSection
	GlobalSection(ProjectConfigurationPlatforms) = postSolution
		{304DF3D8-2612-4941-A446-30A37A66756C}.Debug|Any CPU.ActiveCfg = Debug|Any CPU
		{304DF3D8-2612-4941-A446-30A37A66756C}.Debug|Any CPU.Build.0 = Debug|Any CPU
		{304DF3D8-2612-4941-A446-30A37A66756C}.Release|Any CPU.ActiveCfg = Release|Any CPU
		{304DF3D8-2612-4941-A446-30A37A66756C}.Release|Any CPU.Build.0 = Release|Any CPU
	EndGlobalSection
	GlobalSection(SolutionProperties) = preSolution
		HideSolutionNode = FALSE
	EndGlobalSection
	GlobalSection(ExtensibilityGlobals) = postSolution
		SolutionGuid = {D132F999-EB55-40DA-AA18-15039335303D}
	EndGlobalSection
EndGlobal
